
Microsoft Visual Studio Solution File, Format Version 12.00
# Visual Studio Version 16
VisualStudioVersion = 16.0.29613.14
MinimumVisualStudioVersion = 10.0.40219.1
Project("{FAE04EC0-301F-11D3-BF4B-00C04F79EFBC}") = "EX 1A c sharp", "EX 1A c sharp\EX 1A c sharp.csproj", "{00DDD69B-A49C-41AA-8487-72EAD6681EA9}"
EndProject
Global
	GlobalSection(SolutionConfigurationPlatforms) = preSolution
		Debug|Any CPU = Debug|Any CPU
		Release|Any CPU = Release|Any CPU
	EndGlobalSection
	GlobalSection(ProjectConfigurationPlatforms) = postSolution
		{00DDD69B-A49C-41AA-8487-72EAD6681EA9}.Debug|Any CPU.ActiveCfg = Debug|Any CPU
		{00DDD69B-A49C-41AA-8487-72EAD6681EA9}.Debug|Any CPU.Build.0 = Debug|Any CPU
		{00DDD69B-A49C-41AA-8487-72EAD6681EA9}.Release|Any CPU.ActiveCfg = Release|Any CPU
		{00DDD69B-A49C-41AA-8487-72EAD6681EA9}.Release|Any CPU.Build.0 = Release|Any CPU
	EndGlobalSection
	GlobalSection(SolutionProperties) = preSolution
		HideSolutionNode = FALSE
	EndGlobalSection
	GlobalSection(ExtensibilityGlobals) = postSolution
		SolutionGuid = {DC9C08F4-4B7C-46F2-AA9E-501377A76940}
	EndGlobalSection
EndGlobal
